
Microsoft Visual Studio Solution File, Format Version 11.00
# Visual Studio 2010
Project("{FAE04EC0-301F-11D3-BF4B-00C04F79EFBC}") = "Atelier1", "ConsoleApplication1\Atelier1.csproj", "{7944FDE9-C60F-48B3-884C-086E7DE461BD}"
EndProject
Project("{FAE04EC0-301F-11D3-BF4B-00C04F79EFBC}") = "AtelierLib1", "ClassLibrary1\AtelierLib1.csproj", "{E2415EED-4946-48E3-9187-F11CC2020F91}"
EndProject
Global
	GlobalSection(SolutionConfigurationPlatforms) = preSolution
		Debug|Any CPU = Debug|Any CPU
		Debug|Mixed Platforms = Debug|Mixed Platforms
		Debug|x86 = Debug|x86
		Release|Any CPU = Release|Any CPU
		Release|Mixed Platforms = Release|Mixed Platforms
		Release|x86 = Release|x86
	EndGlobalSection
	GlobalSection(ProjectConfigurationPlatforms) = postSolution
		{7944FDE9-C60F-48B3-884C-086E7DE461BD}.Debug|Any CPU.ActiveCfg = Debug|x86
		{7944FDE9-C60F-48B3-884C-086E7DE461BD}.Debug|Mixed Platforms.ActiveCfg = Debug|x86
		{7944FDE9-C60F-48B3-884C-086E7DE461BD}.Debug|Mixed Platforms.Build.0 = Debug|x86
		{7944FDE9-C60F-48B3-884C-086E7DE461BD}.Debug|x86.ActiveCfg = Debug|x86
		{7944FDE9-C60F-48B3-884C-086E7DE461BD}.Debug|x86.Build.0 = Debug|x86
		{7944FDE9-C60F-48B3-884C-086E7DE461BD}.Release|Any CPU.ActiveCfg = Release|x86
		{7944FDE9-C60F-48B3-884C-086E7DE461BD}.Release|Mixed Platforms.ActiveCfg = Release|x86
		{7944FDE9-C60F-48B3-884C-086E7DE461BD}.Release|Mixed Platforms.Build.0 = Release|x86
		{7944FDE9-C60F-48B3-884C-086E7DE461BD}.Release|x86.ActiveCfg = Release|x86
		{7944FDE9-C60F-48B3-884C-086E7DE461BD}.Release|x86.Build.0 = Release|x86
		{E2415EED-4946-48E3-9187-F11CC2020F91}.Debug|Any CPU.ActiveCfg = Debug|Any CPU
		{E2415EED-4946-48E3-9187-F11CC2020F91}.Debug|Any CPU.Build.0 = Debug|Any CPU
		{E2415EED-4946-48E3-9187-F11CC2020F91}.Debug|Mixed Platforms.ActiveCfg = Debug|Any CPU
		{E2415EED-4946-48E3-9187-F11CC2020F91}.Debug|Mixed Platforms.Build.0 = Debug|Any CPU
		{E2415EED-4946-48E3-9187-F11CC2020F91}.Debug|x86.ActiveCfg = Debug|Any CPU
		{E2415EED-4946-48E3-9187-F11CC2020F91}.Release|Any CPU.ActiveCfg = Release|Any CPU
		{E2415EED-4946-48E3-9187-F11CC2020F91}.Release|Any CPU.Build.0 = Release|Any CPU
		{E2415EED-4946-48E3-9187-F11CC2020F91}.Release|Mixed Platforms.ActiveCfg = Release|Any CPU
		{E2415EED-4946-48E3-9187-F11CC2020F91}.Release|Mixed Platforms.Build.0 = Release|Any CPU
		{E2415EED-4946-48E3-9187-F11CC2020F91}.Release|x86.ActiveCfg = Release|Any CPU
	EndGlobalSection
	GlobalSection(SolutionProperties) = preSolution
		HideSolutionNode = FALSE
	EndGlobalSection
EndGlobal
