
Microsoft Visual Studio Solution File, Format Version 11.00
# Visual Studio 2010
Project("{FAE04EC0-301F-11D3-BF4B-00C04F79EFBC}") = "Atelier1", "Atelier1.csproj", "{7944FDE9-C60F-48B3-884C-086E7DE461BD}"
EndProject
Project("{FAE04EC0-301F-11D3-BF4B-00C04F79EFBC}") = "Matchs", "..\AtelierLib1\Matchs.csproj", "{E2415EED-4946-48E3-9187-F11CC2020F91}"
EndProject
Project("{2150E333-8FDC-42A3-9474-1A3956D46DE8}") = "Solution Items", "Solution Items", "{EB3D03D5-BC9F-4504-929D-9153914451E7}"
	ProjectSection(SolutionItems) = preProject
		Atelier11.vsmdi = Atelier11.vsmdi
		Local.testsettings = Local.testsettings
		TraceAndTestImpact.testsettings = TraceAndTestImpact.testsettings
	EndProjectSection
EndProject
Project("{FAE04EC0-301F-11D3-BF4B-00C04F79EFBC}") = "Matchs_Tests", "Tests\Matchs_Tests.csproj", "{E893F342-1D83-4F42-8690-6CF3536E66A5}"
EndProject
Project("{FAE04EC0-301F-11D3-BF4B-00C04F79EFBC}") = "SoccerRankingLib", "..\RankingLib\SoccerRankingLib.csproj", "{3C6F2AE1-6D62-4AFE-8024-3B8EE6E654A3}"
EndProject
Project("{FAE04EC0-301F-11D3-BF4B-00C04F79EFBC}") = "PointSystemLib", "PointSystemLib\PointSystemLib.csproj", "{C7504061-D8F6-4B45-8D34-7C6ABDFDB04B}"
EndProject
Project("{FAE04EC0-301F-11D3-BF4B-00C04F79EFBC}") = "TestRanking", "TestRanking\TestRanking.csproj", "{F13048DF-FDFA-4AAB-AC2A-10FAE5FC2B16}"
EndProject
Project("{FAE04EC0-301F-11D3-BF4B-00C04F79EFBC}") = "FrenchLeague1PointSystemLib", "FrenchLeague1PointSystemLib\FrenchLeague1PointSystemLib.csproj", "{9B3A1398-902A-4516-ACDB-7049D056F88A}"
EndProject
Global
	GlobalSection(TestCaseManagementSettings) = postSolution
		CategoryFile = Atelier11.vsmdi
	EndGlobalSection
	GlobalSection(SolutionConfigurationPlatforms) = preSolution
		Debug|Any CPU = Debug|Any CPU
		Debug|Mixed Platforms = Debug|Mixed Platforms
		Debug|x86 = Debug|x86
		Release|Any CPU = Release|Any CPU
		Release|Mixed Platforms = Release|Mixed Platforms
		Release|x86 = Release|x86
	EndGlobalSection
	GlobalSection(ProjectConfigurationPlatforms) = postSolution
		{7944FDE9-C60F-48B3-884C-086E7DE461BD}.Debug|Any CPU.ActiveCfg = Debug|x86
		{7944FDE9-C60F-48B3-884C-086E7DE461BD}.Debug|Mixed Platforms.ActiveCfg = Debug|x86
		{7944FDE9-C60F-48B3-884C-086E7DE461BD}.Debug|Mixed Platforms.Build.0 = Debug|x86
		{7944FDE9-C60F-48B3-884C-086E7DE461BD}.Debug|x86.ActiveCfg = Debug|x86
		{7944FDE9-C60F-48B3-884C-086E7DE461BD}.Debug|x86.Build.0 = Debug|x86
		{7944FDE9-C60F-48B3-884C-086E7DE461BD}.Release|Any CPU.ActiveCfg = Release|x86
		{7944FDE9-C60F-48B3-884C-086E7DE461BD}.Release|Mixed Platforms.ActiveCfg = Release|x86
		{7944FDE9-C60F-48B3-884C-086E7DE461BD}.Release|Mixed Platforms.Build.0 = Release|x86
		{7944FDE9-C60F-48B3-884C-086E7DE461BD}.Release|x86.ActiveCfg = Release|x86
		{7944FDE9-C60F-48B3-884C-086E7DE461BD}.Release|x86.Build.0 = Release|x86
		{E2415EED-4946-48E3-9187-F11CC2020F91}.Debug|Any CPU.ActiveCfg = Debug|Any CPU
		{E2415EED-4946-48E3-9187-F11CC2020F91}.Debug|Any CPU.Build.0 = Debug|Any CPU
		{E2415EED-4946-48E3-9187-F11CC2020F91}.Debug|Mixed Platforms.ActiveCfg = Debug|Any CPU
		{E2415EED-4946-48E3-9187-F11CC2020F91}.Debug|Mixed Platforms.Build.0 = Debug|Any CPU
		{E2415EED-4946-48E3-9187-F11CC2020F91}.Debug|x86.ActiveCfg = Debug|Any CPU
		{E2415EED-4946-48E3-9187-F11CC2020F91}.Release|Any CPU.ActiveCfg = Release|Any CPU
		{E2415EED-4946-48E3-9187-F11CC2020F91}.Release|Any CPU.Build.0 = Release|Any CPU
		{E2415EED-4946-48E3-9187-F11CC2020F91}.Release|Mixed Platforms.ActiveCfg = Release|Any CPU
		{E2415EED-4946-48E3-9187-F11CC2020F91}.Release|Mixed Platforms.Build.0 = Release|Any CPU
		{E2415EED-4946-48E3-9187-F11CC2020F91}.Release|x86.ActiveCfg = Release|Any CPU
		{E893F342-1D83-4F42-8690-6CF3536E66A5}.Debug|Any CPU.ActiveCfg = Debug|Any CPU
		{E893F342-1D83-4F42-8690-6CF3536E66A5}.Debug|Any CPU.Build.0 = Debug|Any CPU
		{E893F342-1D83-4F42-8690-6CF3536E66A5}.Debug|Mixed Platforms.ActiveCfg = Debug|Any CPU
		{E893F342-1D83-4F42-8690-6CF3536E66A5}.Debug|Mixed Platforms.Build.0 = Debug|Any CPU
		{E893F342-1D83-4F42-8690-6CF3536E66A5}.Debug|x86.ActiveCfg = Debug|Any CPU
		{E893F342-1D83-4F42-8690-6CF3536E66A5}.Release|Any CPU.ActiveCfg = Release|Any CPU
		{E893F342-1D83-4F42-8690-6CF3536E66A5}.Release|Any CPU.Build.0 = Release|Any CPU
		{E893F342-1D83-4F42-8690-6CF3536E66A5}.Release|Mixed Platforms.ActiveCfg = Release|Any CPU
		{E893F342-1D83-4F42-8690-6CF3536E66A5}.Release|Mixed Platforms.Build.0 = Release|Any CPU
		{E893F342-1D83-4F42-8690-6CF3536E66A5}.Release|x86.ActiveCfg = Release|Any CPU
		{3C6F2AE1-6D62-4AFE-8024-3B8EE6E654A3}.Debug|Any CPU.ActiveCfg = Debug|Any CPU
		{3C6F2AE1-6D62-4AFE-8024-3B8EE6E654A3}.Debug|Any CPU.Build.0 = Debug|Any CPU
		{3C6F2AE1-6D62-4AFE-8024-3B8EE6E654A3}.Debug|Mixed Platforms.ActiveCfg = Debug|Any CPU
		{3C6F2AE1-6D62-4AFE-8024-3B8EE6E654A3}.Debug|Mixed Platforms.Build.0 = Debug|Any CPU
		{3C6F2AE1-6D62-4AFE-8024-3B8EE6E654A3}.Debug|x86.ActiveCfg = Debug|Any CPU
		{3C6F2AE1-6D62-4AFE-8024-3B8EE6E654A3}.Release|Any CPU.ActiveCfg = Release|Any CPU
		{3C6F2AE1-6D62-4AFE-8024-3B8EE6E654A3}.Release|Any CPU.Build.0 = Release|Any CPU
		{3C6F2AE1-6D62-4AFE-8024-3B8EE6E654A3}.Release|Mixed Platforms.ActiveCfg = Release|Any CPU
		{3C6F2AE1-6D62-4AFE-8024-3B8EE6E654A3}.Release|Mixed Platforms.Build.0 = Release|Any CPU
		{3C6F2AE1-6D62-4AFE-8024-3B8EE6E654A3}.Release|x86.ActiveCfg = Release|Any CPU
		{C7504061-D8F6-4B45-8D34-7C6ABDFDB04B}.Debug|Any CPU.ActiveCfg = Debug|Any CPU
		{C7504061-D8F6-4B45-8D34-7C6ABDFDB04B}.Debug|Any CPU.Build.0 = Debug|Any CPU
		{C7504061-D8F6-4B45-8D34-7C6ABDFDB04B}.Debug|Mixed Platforms.ActiveCfg = Debug|Any CPU
		{C7504061-D8F6-4B45-8D34-7C6ABDFDB04B}.Debug|Mixed Platforms.Build.0 = Debug|Any CPU
		{C7504061-D8F6-4B45-8D34-7C6ABDFDB04B}.Debug|x86.ActiveCfg = Debug|Any CPU
		{C7504061-D8F6-4B45-8D34-7C6ABDFDB04B}.Release|Any CPU.ActiveCfg = Release|Any CPU
		{C7504061-D8F6-4B45-8D34-7C6ABDFDB04B}.Release|Any CPU.Build.0 = Release|Any CPU
		{C7504061-D8F6-4B45-8D34-7C6ABDFDB04B}.Release|Mixed Platforms.ActiveCfg = Release|Any CPU
		{C7504061-D8F6-4B45-8D34-7C6ABDFDB04B}.Release|Mixed Platforms.Build.0 = Release|Any CPU
		{C7504061-D8F6-4B45-8D34-7C6ABDFDB04B}.Release|x86.ActiveCfg = Release|Any CPU
		{F13048DF-FDFA-4AAB-AC2A-10FAE5FC2B16}.Debug|Any CPU.ActiveCfg = Debug|Any CPU
		{F13048DF-FDFA-4AAB-AC2A-10FAE5FC2B16}.Debug|Any CPU.Build.0 = Debug|Any CPU
		{F13048DF-FDFA-4AAB-AC2A-10FAE5FC2B16}.Debug|Mixed Platforms.ActiveCfg = Debug|Any CPU
		{F13048DF-FDFA-4AAB-AC2A-10FAE5FC2B16}.Debug|Mixed Platforms.Build.0 = Debug|Any CPU
		{F13048DF-FDFA-4AAB-AC2A-10FAE5FC2B16}.Debug|x86.ActiveCfg = Debug|Any CPU
		{F13048DF-FDFA-4AAB-AC2A-10FAE5FC2B16}.Release|Any CPU.ActiveCfg = Release|Any CPU
		{F13048DF-FDFA-4AAB-AC2A-10FAE5FC2B16}.Release|Any CPU.Build.0 = Release|Any CPU
		{F13048DF-FDFA-4AAB-AC2A-10FAE5FC2B16}.Release|Mixed Platforms.ActiveCfg = Release|Any CPU
		{F13048DF-FDFA-4AAB-AC2A-10FAE5FC2B16}.Release|Mixed Platforms.Build.0 = Release|Any CPU
		{F13048DF-FDFA-4AAB-AC2A-10FAE5FC2B16}.Release|x86.ActiveCfg = Release|Any CPU
		{9B3A1398-902A-4516-ACDB-7049D056F88A}.Debug|Any CPU.ActiveCfg = Debug|Any CPU
		{9B3A1398-902A-4516-ACDB-7049D056F88A}.Debug|Any CPU.Build.0 = Debug|Any CPU
		{9B3A1398-902A-4516-ACDB-7049D056F88A}.Debug|Mixed Platforms.ActiveCfg = Debug|Any CPU
		{9B3A1398-902A-4516-ACDB-7049D056F88A}.Debug|Mixed Platforms.Build.0 = Debug|Any CPU
		{9B3A1398-902A-4516-ACDB-7049D056F88A}.Debug|x86.ActiveCfg = Debug|Any CPU
		{9B3A1398-902A-4516-ACDB-7049D056F88A}.Release|Any CPU.ActiveCfg = Release|Any CPU
		{9B3A1398-902A-4516-ACDB-7049D056F88A}.Release|Any CPU.Build.0 = Release|Any CPU
		{9B3A1398-902A-4516-ACDB-7049D056F88A}.Release|Mixed Platforms.ActiveCfg = Release|Any CPU
		{9B3A1398-902A-4516-ACDB-7049D056F88A}.Release|Mixed Platforms.Build.0 = Release|Any CPU
		{9B3A1398-902A-4516-ACDB-7049D056F88A}.Release|x86.ActiveCfg = Release|Any CPU
	EndGlobalSection
	GlobalSection(SolutionProperties) = preSolution
		HideSolutionNode = FALSE
	EndGlobalSection
EndGlobal
